<?xml version="1.0" encoding="utf-8"?>
<Project ToolsVersion="4.0" xmlns="http://schemas.microsoft.com/developer/msbuild/2003">
  <ItemGroup>
    <ClCompile Include="..\..\libs\minimp3\minimp3.cpp" />
    <ClCompile Include="..\..\libs\stb_vorbis\stb_vorbis.c" />
    <ClCompile Include="..\..\libs\tinf\tinflate.c" />
    <ClCompile Include="..\..\..\..\BeefRaiderXR\OpenXrInput.cpp">
      <Filter>BeefRaiderXR</Filter>
    </ClCompile>
    <ClCompile Include="..\..\..\..\BeefRaiderXR\windows\TBXR_Common.cpp">
      <Filter>BeefRaiderXR</Filter>
    </ClCompile>
    <ClCompile Include="..\..\..\..\BeefRaiderXR\BeefRaiderXR_Main.cpp">
      <Filter>BeefRaiderXR</Filter>
    </ClCompile>
  </ItemGroup>
  <ItemGroup>
    <ClInclude Include="..\..\animation.h" />
    <ClInclude Include="..\..\cache.h" />
    <ClInclude Include="..\..\camera.h" />
    <ClInclude Include="..\..\character.h" />
    <ClInclude Include="..\..\collision.h" />
    <ClInclude Include="..\..\controller.h" />
    <ClInclude Include="..\..\core.h" />
    <ClInclude Include="..\..\extension.h" />
    <ClInclude Include="..\..\format.h" />
    <ClInclude Include="..\..\debug.h" />
    <ClInclude Include="..\..\enemy.h" />
    <ClInclude Include="..\..\frustum.h" />
    <ClInclude Include="..\..\game.h" />
    <ClInclude Include="..\..\gameflow.h" />
    <ClInclude Include="..\..\gapi\c3d.h" />
    <ClInclude Include="..\..\gapi\d3d11.h" />
    <ClInclude Include="..\..\gapi\d3d9.h" />
    <ClInclude Include="..\..\gapi\gl.h" />
    <ClInclude Include="..\..\gapi\gu.h" />
    <ClInclude Include="..\..\gapi\gxm.h" />
    <ClInclude Include="..\..\gapi\sw.h" />
    <ClInclude Include="..\..\gapi\vk.h" />
    <ClInclude Include="..\..\gltf.h" />
    <ClInclude Include="..\..\json.h" />
    <ClInclude Include="..\..\lang.h" />
    <ClInclude Include="..\..\lang\cn.h" />
    <ClInclude Include="..\..\lang\cz.h" />
    <ClInclude Include="..\..\lang\de.h" />
    <ClInclude Include="..\..\lang\en.h" />
    <ClInclude Include="..\..\lang\es.h" />
    <ClInclude Include="..\..\lang\fi.h" />
    <ClInclude Include="..\..\lang\fr.h" />
    <ClInclude Include="..\..\lang\glyph_cn.h" />
    <ClInclude Include="..\..\lang\glyph_gr.h" />
    <ClInclude Include="..\..\lang\glyph_ja.h" />
    <ClInclude Include="..\..\lang\glyph_ru.h" />
    <ClInclude Include="..\..\lang\gr.h" />
    <ClInclude Include="..\..\lang\it.h" />
    <ClInclude Include="..\..\lang\ja.h" />
    <ClInclude Include="..\..\lang\pl.h" />
    <ClInclude Include="..\..\lang\pt.h" />
    <ClInclude Include="..\..\lang\ru.h" />
    <ClInclude Include="..\..\napi_dummy.h" />
    <ClInclude Include="..\..\napi_socket.h" />
    <ClInclude Include="..\..\network.h" />
    <ClInclude Include="..\..\input.h" />
    <ClInclude Include="..\..\inventory.h" />
    <ClInclude Include="..\..\lara.h" />
    <ClInclude Include="..\..\level.h" />
    <ClInclude Include="..\..\libs\tinf\tinf.h" />
    <ClInclude Include="..\..\libs\minimp3\minimp3.h" />
    <ClInclude Include="..\..\mesh.h" />
    <ClInclude Include="..\..\savegame.h" />
    <ClInclude Include="..\..\shader.h" />
    <ClInclude Include="..\..\sound.h" />
    <ClInclude Include="..\..\sprite.h" />
    <ClInclude Include="..\..\texture.h" />
    <ClInclude Include="..\..\objects.h" />
    <ClInclude Include="..\..\utils.h" />
    <ClInclude Include="..\..\ui.h" />
    <ClInclude Include="..\..\video.h" />
  </ItemGroup>
  <ItemGroup>
    <ResourceCompile Include="BeefRaiderXR.rc" />
  </ItemGroup>
  <ItemGroup>
    <Image Include="icon.ico" />
  </ItemGroup>
  <ItemGroup>
    <None Include="..\..\shaders\ambient.glsl" />
    <None Include="..\..\shaders\compose.glsl" />
    <None Include="..\..\shaders\filter.glsl" />
    <None Include="..\..\shaders\gui.glsl" />
    <None Include="..\..\shaders\shadow.glsl" />
    <None Include="..\..\shaders\sky.glsl" />
    <None Include="..\..\shaders\water.glsl" />
  </ItemGroup>
  <ItemGroup>
    <Filter Include="BeefRaiderXR">
      <UniqueIdentifier>{8614b85f-aae6-407e-82a7-c1a835977fcd}</UniqueIdentifier>
    </Filter>
  </ItemGroup>
</Project>